
Microsoft Visual Studio Solution File, Format Version 9.00
# Visual Studio 2005
Project("{F184B08F-C81C-45F6-A57F-5ABD9991F28F}") = "Kiosco", "Kiosco\Kiosco.vbproj", "{F89CF1C9-7359-47AF-AE93-D2F027F778AF}"
EndProject
Global
	GlobalSection(SolutionConfigurationPlatforms) = preSolution
		Debug|Any CPU = Debug|Any CPU
		Release|Any CPU = Release|Any CPU
	EndGlobalSection
	GlobalSection(ProjectConfigurationPlatforms) = postSolution
		{F89CF1C9-7359-47AF-AE93-D2F027F778AF}.Debug|Any CPU.ActiveCfg = Debug|Any CPU
		{F89CF1C9-7359-47AF-AE93-D2F027F778AF}.Debug|Any CPU.Build.0 = Debug|Any CPU
		{F89CF1C9-7359-47AF-AE93-D2F027F778AF}.Release|Any CPU.ActiveCfg = Release|Any CPU
		{F89CF1C9-7359-47AF-AE93-D2F027F778AF}.Release|Any CPU.Build.0 = Release|Any CPU
	EndGlobalSection
	GlobalSection(SolutionProperties) = preSolution
		HideSolutionNode = FALSE
	EndGlobalSection
EndGlobal
